
Microsoft Visual Studio Solution File, Format Version 12.00
# Visual Studio Version 17
VisualStudioVersion = 17.5.002.0
MinimumVisualStudioVersion = 10.0.40219.1
Project("{9A19103F-16F7-4668-BE54-9A1E7A4F7556}") = "YummyJam", "YummyJam.csproj", "{67D049A3-5689-438C-ADB9-308BFA67775E}"
EndProject
Global
	GlobalSection(SolutionConfigurationPlatforms) = preSolution
		Debug|Any CPU = Debug|Any CPU
		Release|Any CPU = Release|Any CPU
	EndGlobalSection
	GlobalSection(ProjectConfigurationPlatforms) = postSolution
		{67D049A3-5689-438C-ADB9-308BFA67775E}.Debug|Any CPU.ActiveCfg = Debug|Any CPU
		{67D049A3-5689-438C-ADB9-308BFA67775E}.Debug|Any CPU.Build.0 = Debug|Any CPU
		{67D049A3-5689-438C-ADB9-308BFA67775E}.Release|Any CPU.ActiveCfg = Release|Any CPU
		{67D049A3-5689-438C-ADB9-308BFA67775E}.Release|Any CPU.Build.0 = Release|Any CPU
	EndGlobalSection
	GlobalSection(SolutionProperties) = preSolution
		HideSolutionNode = FALSE
	EndGlobalSection
	GlobalSection(ExtensibilityGlobals) = postSolution
		SolutionGuid = {31129B5F-4CE5-45DE-AACD-B53EB1068A87}
	EndGlobalSection
EndGlobal
